
Microsoft Visual Studio Solution File, Format Version 12.00
# Visual Studio Version 16
VisualStudioVersion = 16.0.29728.190
MinimumVisualStudioVersion = 10.0.40219.1
Project("{FAE04EC0-301F-11D3-BF4B-00C04F79EFBC}") = "Array - LnkedList", "Array - LnkedList\Array - LnkedList.csproj", "{BEEB163C-5F07-4151-9769-DEFF1D9A3E30}"
EndProject
Global
	GlobalSection(SolutionConfigurationPlatforms) = preSolution
		Debug|Any CPU = Debug|Any CPU
		Release|Any CPU = Release|Any CPU
	EndGlobalSection
	GlobalSection(ProjectConfigurationPlatforms) = postSolution
		{BEEB163C-5F07-4151-9769-DEFF1D9A3E30}.Debug|Any CPU.ActiveCfg = Debug|Any CPU
		{BEEB163C-5F07-4151-9769-DEFF1D9A3E30}.Debug|Any CPU.Build.0 = Debug|Any CPU
		{BEEB163C-5F07-4151-9769-DEFF1D9A3E30}.Release|Any CPU.ActiveCfg = Release|Any CPU
		{BEEB163C-5F07-4151-9769-DEFF1D9A3E30}.Release|Any CPU.Build.0 = Release|Any CPU
	EndGlobalSection
	GlobalSection(SolutionProperties) = preSolution
		HideSolutionNode = FALSE
	EndGlobalSection
	GlobalSection(ExtensibilityGlobals) = postSolution
		SolutionGuid = {54DA26CC-4AF1-4913-9B84-A34F539B08A2}
	EndGlobalSection
EndGlobal
